# THIS IS AN AUTOGENERATED FILE. DO NOT EDIT THIS FILE DIRECTLY.
# yarn lockfile v1


commander@^3.0.1:
  version "3.0.2"
  resolved "https://registry.yarnpkg.com/commander/-/commander-3.0.2.tgz#6837c3fb677ad9933d1cfba42dd14d5117d6b39e"
  integrity sha512-Gar0ASD4BDyKC4hl4DwHqDrmvjoxWKZigVnAbn5H1owvm4CxCPdb0HQDehwNYMJpla5+M2tPmPARzhtYuwpHow==

copy-dir@^1.2.0:
  version "1.3.0"
  resolved "https://registry.yarnpkg.com/copy-dir/-/copy-dir-1.3.0.tgz#8c65130e11d8313a6ac2c0578e4c6c6f70b456ba"
  integrity sha512-Q4+qBFnN4bwGwvtXXzbp4P/4iNk0MaiGAzvQ8OiMtlLjkIKjmNN689uVzShSM0908q7GoFHXIPx4zi75ocoaHw==

insomnia-documenter@^0.5.5:
  version "0.5.5"
  resolved "https://registry.yarnpkg.com/insomnia-documenter/-/insomnia-documenter-0.5.5.tgz#ca0f652bfb2eeeb6f349d3b0052810bc72b139aa"
  integrity sha512-lfe9m9aQubfTORzFoAlcLUwwFyivwASgUWCjmMX9l4NpIEYlrvIcmNmz453y9PGhkB47mmSV/9t5nHQCeozP0Q==
  dependencies:
    commander "^3.0.1"
    copy-dir "^1.2.0"
    mkdirp "^0.5.1"

minimist@^1.2.6:
  version "1.2.8"
  resolved "https://registry.yarnpkg.com/minimist/-/minimist-1.2.8.tgz#c1a464e7693302e082a075cee0c057741ac4772c"
  integrity sha512-2yyAR8qBkN3YuheJanUpWC5U3bb5osDywNB8RzDVlDwDHbocAJveqqj1u8+SVD7jkWT4yvsHCpWqqWqAxb0zCA==

mkdirp@^0.5.1:
  version "0.5.6"
  resolved "https://registry.yarnpkg.com/mkdirp/-/mkdirp-0.5.6.tgz#7def03d2432dcae4ba1d611445c48396062255f6"
  integrity sha512-FP+p8RB8OWpF3YZBCrP5gtADmtXApB5AMLn+vdyA+PyxCjrCs00mjyUozssO33cwDeT3wNGdLxJ5M//YqtHAJw==
  dependencies:
    minimist "^1.2.6"
